
Microsoft Visual Studio Solution File, Format Version 12.00
Project("{FAE04EC0-301F-11D3-BF4B-00C04F79EFBC}") = "KMean-Algo", "KMean-Algo.csproj", "{94309BF6-BB8C-467B-8885-E9917840CF06}"
EndProject
Global
	GlobalSection(SolutionConfigurationPlatforms) = preSolution
		Debug|Any CPU = Debug|Any CPU
		Release|Any CPU = Release|Any CPU
	EndGlobalSection
	GlobalSection(ProjectConfigurationPlatforms) = postSolution
		{94309BF6-BB8C-467B-8885-E9917840CF06}.Debug|Any CPU.ActiveCfg = Debug|Any CPU
		{94309BF6-BB8C-467B-8885-E9917840CF06}.Debug|Any CPU.Build.0 = Debug|Any CPU
		{94309BF6-BB8C-467B-8885-E9917840CF06}.Release|Any CPU.ActiveCfg = Release|Any CPU
		{94309BF6-BB8C-467B-8885-E9917840CF06}.Release|Any CPU.Build.0 = Release|Any CPU
	EndGlobalSection
EndGlobal
